// !$*UTF8*$!
{
	archiveVersion = 1;
	classes = {
	};
	objectVersion = 50;
	objects = {

/* Begin PBXBuildFile section */
		9288C6EF8C27E6B91CCBBC35 /* Pods_TravelAssistant.framework in Frameworks */ = {isa = PBXBuildFile; fileRef = 29FECD1E801AEA3B765249E1 /* Pods_TravelAssistant.framework */; };
		9BAB08B32165F5D400E5B537 /* AppDelegate.swift in Sources */ = {isa = PBXBuildFile; fileRef = 9BAB08B22165F5D400E5B537 /* AppDelegate.swift */; };
		9BAB08B52165F5D400E5B537 /* ViewController.swift in Sources */ = {isa = PBXBuildFile; fileRef = 9BAB08B42165F5D400E5B537 /* ViewController.swift */; };
		9BAB08B82165F5D400E5B537 /* Main.storyboard in Resources */ = {isa = PBXBuildFile; fileRef = 9BAB08B62165F5D400E5B537 /* Main.storyboard */; };
		9BAB08BD2165F5D900E5B537 /* Assets.xcassets in Resources */ = {isa = PBXBuildFile; fileRef = 9BAB08BC2165F5D900E5B537 /* Assets.xcassets */; };
		9BAB08C02165F5D900E5B537 /* LaunchScreen.storyboard in Resources */ = {isa = PBXBuildFile; fileRef = 9BAB08BE2165F5D900E5B537 /* LaunchScreen.storyboard */; };
		9BFDDB2321720CA200EF6DC3 /* LoginViewController.swift in Sources */ = {isa = PBXBuildFile; fileRef = 9BFDDB2221720CA200EF6DC3 /* LoginViewController.swift */; };
		9BFDDB2521720CC200EF6DC3 /* GoogleService-Info.plist in Resources */ = {isa = PBXBuildFile; fileRef = 9BFDDB2421720CC200EF6DC3 /* GoogleService-Info.plist */; };
		9BFDDB272172198A00EF6DC3 /* HomePageViewController.swift in Sources */ = {isa = PBXBuildFile; fileRef = 9BFDDB262172198A00EF6DC3 /* HomePageViewController.swift */; };
		9BFDDB292172E37900EF6DC3 /* additionalInfoViewController.swift in Sources */ = {isa = PBXBuildFile; fileRef = 9BFDDB282172E37900EF6DC3 /* additionalInfoViewController.swift */; };
		9BFDDB2B21732FFC00EF6DC3 /* ForecastViewController.swift in Sources */ = {isa = PBXBuildFile; fileRef = 9BFDDB2A21732FFC00EF6DC3 /* ForecastViewController.swift */; };
		9BFDDB2F2176E78700EF6DC3 /* compass.png in Resources */ = {isa = PBXBuildFile; fileRef = 9BFDDB2E2176E78700EF6DC3 /* compass.png */; };
		9BFDDB33217940BA00EF6DC3 /* initial.json in Resources */ = {isa = PBXBuildFile; fileRef = 9BFDDB32217940BA00EF6DC3 /* initial.json */; };
/* End PBXBuildFile section */

/* Begin PBXFileReference section */
		29FECD1E801AEA3B765249E1 /* Pods_TravelAssistant.framework */ = {isa = PBXFileReference; explicitFileType = wrapper.framework; includeInIndex = 0; path = Pods_TravelAssistant.framework; sourceTree = BUILT_PRODUCTS_DIR; };
		7D03DCD5D3AAB2EFB9D30050 /* Pods-TravelAssistant.debug.xcconfig */ = {isa = PBXFileReference; includeInIndex = 1; lastKnownFileType = text.xcconfig; name = "Pods-TravelAssistant.debug.xcconfig"; path = "Pods/Target Support Files/Pods-TravelAssistant/Pods-TravelAssistant.debug.xcconfig"; sourceTree = "<group>"; };
		9BAB08AF2165F5D400E5B537 /* TravelAssistant.app */ = {isa = PBXFileReference; explicitFileType = wrapper.application; includeInIndex = 0; path = TravelAssistant.app; sourceTree = BUILT_PRODUCTS_DIR; };
		9BAB08B22165F5D400E5B537 /* AppDelegate.swift */ = {isa = PBXFileReference; lastKnownFileType = sourcecode.swift; path = AppDelegate.swift; sourceTree = "<group>"; };
		9BAB08B42165F5D400E5B537 /* ViewController.swift */ = {isa = PBXFileReference; lastKnownFileType = sourcecode.swift; path = ViewController.swift; sourceTree = "<group>"; };
		9BAB08B72165F5D400E5B537 /* Base */ = {isa = PBXFileReference; lastKnownFileType = file.storyboard; name = Base; path = Base.lproj/Main.storyboard; sourceTree = "<group>"; };
		9BAB08BC2165F5D900E5B537 /* Assets.xcassets */ = {isa = PBXFileReference; lastKnownFileType = folder.assetcatalog; path = Assets.xcassets; sourceTree = "<group>"; };
		9BAB08BF2165F5D900E5B537 /* Base */ = {isa = PBXFileReference; lastKnownFileType = file.storyboard; name = Base; path = Base.lproj/LaunchScreen.storyboard; sourceTree = "<group>"; };
		9BAB08C12165F5D900E5B537 /* Info.plist */ = {isa = PBXFileReference; lastKnownFileType = text.plist.xml; path = Info.plist; sourceTree = "<group>"; };
		9BFDDB2221720CA200EF6DC3 /* LoginViewController.swift */ = {isa = PBXFileReference; lastKnownFileType = sourcecode.swift; path = LoginViewController.swift; sourceTree = "<group>"; };
		9BFDDB2421720CC200EF6DC3 /* GoogleService-Info.plist */ = {isa = PBXFileReference; fileEncoding = 4; lastKnownFileType = text.plist.xml; path = "GoogleService-Info.plist"; sourceTree = "<group>"; };
		9BFDDB262172198A00EF6DC3 /* HomePageViewController.swift */ = {isa = PBXFileReference; lastKnownFileType = sourcecode.swift; path = HomePageViewController.swift; sourceTree = "<group>"; };
		9BFDDB282172E37900EF6DC3 /* additionalInfoViewController.swift */ = {isa = PBXFileReference; lastKnownFileType = sourcecode.swift; path = additionalInfoViewController.swift; sourceTree = "<group>"; };
		9BFDDB2A21732FFC00EF6DC3 /* ForecastViewController.swift */ = {isa = PBXFileReference; lastKnownFileType = sourcecode.swift; path = ForecastViewController.swift; sourceTree = "<group>"; };
		9BFDDB2E2176E78700EF6DC3 /* compass.png */ = {isa = PBXFileReference; lastKnownFileType = image.png; path = compass.png; sourceTree = "<group>"; };
		9BFDDB32217940BA00EF6DC3 /* initial.json */ = {isa = PBXFileReference; fileEncoding = 4; lastKnownFileType = text.json; path = initial.json; sourceTree = "<group>"; };
		D734E1AD2A0E48717AAD12FB /* Pods-TravelAssistant.release.xcconfig */ = {isa = PBXFileReference; includeInIndex = 1; lastKnownFileType = text.xcconfig; name = "Pods-TravelAssistant.release.xcconfig"; path = "Pods/Target Support Files/Pods-TravelAssistant/Pods-TravelAssistant.release.xcconfig"; sourceTree = "<group>"; };
/* End PBXFileReference section */

/* Begin PBXFrameworksBuildPhase section */
		9BAB08AC2165F5D400E5B537 /* Frameworks */ = {
			isa = PBXFrameworksBuildPhase;
			buildActionMask = 2147483647;
			files = (
				9288C6EF8C27E6B91CCBBC35 /* Pods_TravelAssistant.framework in Frameworks */,
			);
			runOnlyForDeploymentPostprocessing = 0;
		};
/* End PBXFrameworksBuildPhase section */

/* Begin PBXGroup section */
		80CDF8802F50646A65955170 /* Frameworks */ = {
			isa = PBXGroup;
			children = (
				29FECD1E801AEA3B765249E1 /* Pods_TravelAssistant.framework */,
			);
			name = Frameworks;
			sourceTree = "<group>";
		};
		9BAB08A62165F5D300E5B537 = {
			isa = PBXGroup;
			children = (
				9BAB08B12165F5D400E5B537 /* TravelAssistant */,
				9BAB08B02165F5D400E5B537 /* Products */,
				FA1AABC239A9BC3BFBD56FF9 /* Pods */,
				80CDF8802F50646A65955170 /* Frameworks */,
			);
			sourceTree = "<group>";
		};
		9BAB08B02165F5D400E5B537 /* Products */ = {
			isa = PBXGroup;
			children = (
				9BAB08AF2165F5D400E5B537 /* TravelAssistant.app */,
			);
			name = Products;
			sourceTree = "<group>";
		};
		9BAB08B12165F5D400E5B537 /* TravelAssistant */ = {
			isa = PBXGroup;
			children = (
				9BAB08B22165F5D400E5B537 /* AppDelegate.swift */,
				9BAB08B42165F5D400E5B537 /* ViewController.swift */,
				9BAB08B62165F5D400E5B537 /* Main.storyboard */,
				9BAB08BC2165F5D900E5B537 /* Assets.xcassets */,
				9BFDDB2E2176E78700EF6DC3 /* compass.png */,
				9BAB08BE2165F5D900E5B537 /* LaunchScreen.storyboard */,
				9BFDDB32217940BA00EF6DC3 /* initial.json */,
				9BFDDB2421720CC200EF6DC3 /* GoogleService-Info.plist */,
				9BAB08C12165F5D900E5B537 /* Info.plist */,
				9BFDDB2221720CA200EF6DC3 /* LoginViewController.swift */,
				9BFDDB262172198A00EF6DC3 /* HomePageViewController.swift */,
				9BFDDB282172E37900EF6DC3 /* additionalInfoViewController.swift */,
				9BFDDB2A21732FFC00EF6DC3 /* ForecastViewController.swift */,
			);
			path = TravelAssistant;
			sourceTree = "<group>";
		};
		FA1AABC239A9BC3BFBD56FF9 /* Pods */ = {
			isa = PBXGroup;
			children = (
				7D03DCD5D3AAB2EFB9D30050 /* Pods-TravelAssistant.debug.xcconfig */,
				D734E1AD2A0E48717AAD12FB /* Pods-TravelAssistant.release.xcconfig */,
			);
			name = Pods;
			sourceTree = "<group>";
		};
/* End PBXGroup section */

/* Begin PBXNativeTarget section */
		9BAB08AE2165F5D400E5B537 /* TravelAssistant */ = {
			isa = PBXNativeTarget;
			buildConfigurationList = 9BAB08C42165F5D900E5B537 /* Build configuration list for PBXNativeTarget "TravelAssistant" */;
			buildPhases = (
				C68262E203D609A4BD4DF767 /* [CP] Check Pods Manifest.lock */,
				9BAB08AB2165F5D400E5B537 /* Sources */,
				9BAB08AC2165F5D400E5B537 /* Frameworks */,
				9BAB08AD2165F5D400E5B537 /* Resources */,
				30F533137B751B15BBCF5859 /* [CP] Embed Pods Frameworks */,
			);
			buildRules = (
			);
			dependencies = (
			);
			name = TravelAssistant;
			productName = ppp;
			productReference = 9BAB08AF2165F5D400E5B537 /* TravelAssistant.app */;
			productType = "com.apple.product-type.application";
		};
/* End PBXNativeTarget section */

/* Begin PBXProject section */
		9BAB08A72165F5D400E5B537 /* Project object */ = {
			isa = PBXProject;
			attributes = {
				LastSwiftUpdateCheck = 1000;
				LastUpgradeCheck = 1000;
				ORGANIZATIONNAME = "ning li";
				TargetAttributes = {
					9BAB08AE2165F5D400E5B537 = {
						CreatedOnToolsVersion = 10.0;
						SystemCapabilities = {
							com.apple.BackgroundModes = {
								enabled = 1;
							};
						};
					};
				};
			};
			buildConfigurationList = 9BAB08AA2165F5D400E5B537 /* Build configuration list for PBXProject "TravelAssistant" */;
			compatibilityVersion = "Xcode 9.3";
			developmentRegion = en;
			hasScannedForEncodings = 0;
			knownRegions = (
				en,
				Base,
			);
			mainGroup = 9BAB08A62165F5D300E5B537;
			productRefGroup = 9BAB08B02165F5D400E5B537 /* Products */;
			projectDirPath = "";
			projectRoot = "";
			targets = (
				9BAB08AE2165F5D400E5B537 /* TravelAssistant */,
			);
		};
/* End PBXProject section */

/* Begin PBXResourcesBuildPhase section */
		9BAB08AD2165F5D400E5B537 /* Resources */ = {
			isa = PBXResourcesBuildPhase;
			buildActionMask = 2147483647;
			files = (
				9BAB08C02165F5D900E5B537 /* LaunchScreen.storyboard in Resources */,
				9BFDDB2521720CC200EF6DC3 /* GoogleService-Info.plist in Resources */,
				9BFDDB33217940BA00EF6DC3 /* initial.json in Resources */,
				9BAB08BD2165F5D900E5B537 /* Assets.xcassets in Resources */,
				9BAB08B82165F5D400E5B537 /* Main.storyboard in Resources */,
				9BFDDB2F2176E78700EF6DC3 /* compass.png in Resources */,
			);
			runOnlyForDeploymentPostprocessing = 0;
		};
/* End PBXResourcesBuildPhase section */

/* Begin PBXShellScriptBuildPhase section */
		30F533137B751B15BBCF5859 /* [CP] Embed Pods Frameworks */ = {
			isa = PBXShellScriptBuildPhase;
			buildActionMask = 2147483647;
			files = (
			);
			inputFileListPaths = (
			);
			inputPaths = (
				"${SRCROOT}/Pods/Target Support Files/Pods-TravelAssistant/Pods-TravelAssistant-frameworks.sh",
				"${BUILT_PRODUCTS_DIR}/GTMSessionFetcher/GTMSessionFetcher.framework",
				"${BUILT_PRODUCTS_DIR}/GoogleUtilities/GoogleUtilities.framework",
				"${BUILT_PRODUCTS_DIR}/SwiftChart/SwiftChart.framework",
				"${BUILT_PRODUCTS_DIR}/leveldb-library/leveldb.framework",
				"${BUILT_PRODUCTS_DIR}/nanopb/nanopb.framework",
			);
			name = "[CP] Embed Pods Frameworks";
			outputFileListPaths = (
			);
			outputPaths = (
				"${TARGET_BUILD_DIR}/${FRAMEWORKS_FOLDER_PATH}/GTMSessionFetcher.framework",
				"${TARGET_BUILD_DIR}/${FRAMEWORKS_FOLDER_PATH}/GoogleUtilities.framework",
				"${TARGET_BUILD_DIR}/${FRAMEWORKS_FOLDER_PATH}/SwiftChart.framework",
				"${TARGET_BUILD_DIR}/${FRAMEWORKS_FOLDER_PATH}/leveldb.framework",
				"${TARGET_BUILD_DIR}/${FRAMEWORKS_FOLDER_PATH}/nanopb.framework",
			);
			runOnlyForDeploymentPostprocessing = 0;
			shellPath = /bin/sh;
			shellScript = "\"${SRCROOT}/Pods/Target Support Files/Pods-TravelAssistant/Pods-TravelAssistant-frameworks.sh\"\n";
			showEnvVarsInLog = 0;
		};
		C68262E203D609A4BD4DF767 /* [CP] Check Pods Manifest.lock */ = {
			isa = PBXShellScriptBuildPhase;
			buildActionMask = 2147483647;
			files = (
			);
			inputFileListPaths = (
			);
			inputPaths = (
				"${PODS_PODFILE_DIR_PATH}/Podfile.lock",
				"${PODS_ROOT}/Manifest.lock",
			);
			name = "[CP] Check Pods Manifest.lock";
			outputFileListPaths = (
			);
			outputPaths = (
				"$(DERIVED_FILE_DIR)/Pods-TravelAssistant-checkManifestLockResult.txt",
			);
			runOnlyForDeploymentPostprocessing = 0;
			shellPath = /bin/sh;
			shellScript = "diff \"${PODS_PODFILE_DIR_PATH}/Podfile.lock\" \"${PODS_ROOT}/Manifest.lock\" > /dev/null\nif [ $? != 0 ] ; then\n    # print error to STDERR\n    echo \"error: The sandbox is not in sync with the Podfile.lock. Run 'pod install' or update your CocoaPods installation.\" >&2\n    exit 1\nfi\n# This output is used by Xcode 'outputs' to avoid re-running this script phase.\necho \"SUCCESS\" > \"${SCRIPT_OUTPUT_FILE_0}\"\n";
			showEnvVarsInLog = 0;
		};
/* End PBXShellScriptBuildPhase section */

/* Begin PBXSourcesBuildPhase section */
		9BAB08AB2165F5D400E5B537 /* Sources */ = {
			isa = PBXSourcesBuildPhase;
			buildActionMask = 2147483647;
			files = (
				9BFDDB292172E37900EF6DC3 /* additionalInfoViewController.swift in Sources */,
				9BFDDB272172198A00EF6DC3 /* HomePageViewController.swift in Sources */,
				9BFDDB2321720CA200EF6DC3 /* LoginViewController.swift in Sources */,
				9BAB08B52165F5D400E5B537 /* ViewController.swift in Sources */,
				9BAB08B32165F5D400E5B537 /* AppDelegate.swift in Sources */,
				9BFDDB2B21732FFC00EF6DC3 /* ForecastViewController.swift in Sources */,
			);
			runOnlyForDeploymentPostprocessing = 0;
		};
/* End PBXSourcesBuildPhase section */

/* Begin PBXVariantGroup section */
		9BAB08B62165F5D400E5B537 /* Main.storyboard */ = {
			isa = PBXVariantGroup;
			children = (
				9BAB08B72165F5D400E5B537 /* Base */,
			);
			name = Main.storyboard;
			sourceTree = "<group>";
		};
		9BAB08BE2165F5D900E5B537 /* LaunchScreen.storyboard */ = {
			isa = PBXVariantGroup;
			children = (
				9BAB08BF2165F5D900E5B537 /* Base */,
			);
			name = LaunchScreen.storyboard;
			sourceTree = "<group>";
		};
/* End PBXVariantGroup section */

/* Begin XCBuildConfiguration section */
		9BAB08C22165F5D900E5B537 /* Debug */ = {
			isa = XCBuildConfiguration;
			buildSettings = {
				ALWAYS_SEARCH_USER_PATHS = NO;
				CLANG_ANALYZER_NONNULL = YES;
				CLANG_ANALYZER_NUMBER_OBJECT_CONVERSION = YES_AGGRESSIVE;
				CLANG_CXX_LANGUAGE_STANDARD = "gnu++14";
				CLANG_CXX_LIBRARY = "libc++";
				CLANG_ENABLE_MODULES = YES;
				CLANG_ENABLE_OBJC_ARC = YES;
				CLANG_ENABLE_OBJC_WEAK = YES;
				CLANG_WARN_BLOCK_CAPTURE_AUTORELEASING = YES;
				CLANG_WARN_BOOL_CONVERSION = YES;
				CLANG_WARN_COMMA = YES;
				CLANG_WARN_CONSTANT_CONVERSION = YES;
				CLANG_WARN_DEPRECATED_OBJC_IMPLEMENTATIONS = YES;
				CLANG_WARN_DIRECT_OBJC_ISA_USAGE = YES_ERROR;
				CLANG_WARN_DOCUMENTATION_COMMENTS = YES;
				CLANG_WARN_EMPTY_BODY = YES;
				CLANG_WARN_ENUM_CONVERSION = YES;
				CLANG_WARN_INFINITE_RECURSION = YES;
				CLANG_WARN_INT_CONVERSION = YES;
				CLANG_WARN_NON_LITERAL_NULL_CONVERSION = YES;
				CLANG_WARN_OBJC_IMPLICIT_RETAIN_SELF = YES;
				CLANG_WARN_OBJC_LITERAL_CONVERSION = YES;
				CLANG_WARN_OBJC_ROOT_CLASS = YES_ERROR;
				CLANG_WARN_RANGE_LOOP_ANALYSIS = YES;
				CLANG_WARN_STRICT_PROTOTYPES = YES;
				CLANG_WARN_SUSPICIOUS_MOVE = YES;
				CLANG_WARN_UNGUARDED_AVAILABILITY = YES_AGGRESSIVE;
				CLANG_WARN_UNREACHABLE_CODE = YES;
				CLANG_WARN__DUPLICATE_METHOD_MATCH = YES;
				CODE_SIGN_IDENTITY = "iPhone Developer";
				COPY_PHASE_STRIP = NO;
				DEBUG_INFORMATION_FORMAT = dwarf;
				ENABLE_STRICT_OBJC_MSGSEND = YES;
				ENABLE_TESTABILITY = YES;
				GCC_C_LANGUAGE_STANDARD = gnu11;
				GCC_DYNAMIC_NO_PIC = NO;
				GCC_NO_COMMON_BLOCKS = YES;
				GCC_OPTIMIZATION_LEVEL = 0;
				GCC_PREPROCESSOR_DEFINITIONS = (
					"DEBUG=1",
					"$(inherited)",
				);
				GCC_WARN_64_TO_32_BIT_CONVERSION = YES;
				GCC_WARN_ABOUT_RETURN_TYPE = YES_ERROR;
				GCC_WARN_UNDECLARED_SELECTOR = YES;
				GCC_WARN_UNINITIALIZED_AUTOS = YES_AGGRESSIVE;
				GCC_WARN_UNUSED_FUNCTION = YES;
				GCC_WARN_UNUSED_VARIABLE = YES;
				IPHONEOS_DEPLOYMENT_TARGET = 12.0;
				MTL_ENABLE_DEBUG_INFO = INCLUDE_SOURCE;
				MTL_FAST_MATH = YES;
				ONLY_ACTIVE_ARCH = YES;
				SDKROOT = iphoneos;
				SWIFT_ACTIVE_COMPILATION_CONDITIONS = DEBUG;
				SWIFT_OPTIMIZATION_LEVEL = "-Onone";
			};
			name = Debug;
		};
		9BAB08C32165F5D900E5B537 /* Release */ = {
			isa = XCBuildConfiguration;
			buildSettings = {
				ALWAYS_SEARCH_USER_PATHS = NO;
				CLANG_ANALYZER_NONNULL = YES;
				CLANG_ANALYZER_NUMBER_OBJECT_CONVERSION = YES_AGGRESSIVE;
				CLANG_CXX_LANGUAGE_STANDARD = "gnu++14";
				CLANG_CXX_LIBRARY = "libc++";
				CLANG_ENABLE_MODULES = YES;
				CLANG_ENABLE_OBJC_ARC = YES;
				CLANG_ENABLE_OBJC_WEAK = YES;
				CLANG_WARN_BLOCK_CAPTURE_AUTORELEASING = YES;
				CLANG_WARN_BOOL_CONVERSION = YES;
				CLANG_WARN_COMMA = YES;
				CLANG_WARN_CONSTANT_CONVERSION = YES;
				CLANG_WARN_DEPRECATED_OBJC_IMPLEMENTATIONS = YES;
				CLANG_WARN_DIRECT_OBJC_ISA_USAGE = YES_ERROR;
				CLANG_WARN_DOCUMENTATION_COMMENTS = YES;
				CLANG_WARN_EMPTY_BODY = YES;
				CLANG_WARN_ENUM_CONVERSION = YES;
				CLANG_WARN_INFINITE_RECURSION = YES;
				CLANG_WARN_INT_CONVERSION = YES;
				CLANG_WARN_NON_LITERAL_NULL_CONVERSION = YES;
				CLANG_WARN_OBJC_IMPLICIT_RETAIN_SELF = YES;
				CLANG_WARN_OBJC_LITERAL_CONVERSION = YES;
				CLANG_WARN_OBJC_ROOT_CLASS = YES_ERROR;
				CLANG_WARN_RANGE_LOOP_ANALYSIS = YES;
				CLANG_WARN_STRICT_PROTOTYPES = YES;
				CLANG_WARN_SUSPICIOUS_MOVE = YES;
				CLANG_WARN_UNGUARDED_AVAILABILITY = YES_AGGRESSIVE;
				CLANG_WARN_UNREACHABLE_CODE = YES;
				CLANG_WARN__DUPLICATE_METHOD_MATCH = YES;
				CODE_SIGN_IDENTITY = "iPhone Developer";
				COPY_PHASE_STRIP = NO;
				DEBUG_INFORMATION_FORMAT = "dwarf-with-dsym";
				ENABLE_NS_ASSERTIONS = NO;
				ENABLE_STRICT_OBJC_MSGSEND = YES;
				GCC_C_LANGUAGE_STANDARD = gnu11;
				GCC_NO_COMMON_BLOCKS = YES;
				GCC_WARN_64_TO_32_BIT_CONVERSION = YES;
				GCC_WARN_ABOUT_RETURN_TYPE = YES_ERROR;
				GCC_WARN_UNDECLARED_SELECTOR = YES;
				GCC_WARN_UNINITIALIZED_AUTOS = YES_AGGRESSIVE;
				GCC_WARN_UNUSED_FUNCTION = YES;
				GCC_WARN_UNUSED_VARIABLE = YES;
				IPHONEOS_DEPLOYMENT_TARGET = 12.0;
				MTL_ENABLE_DEBUG_INFO = NO;
				MTL_FAST_MATH = YES;
				SDKROOT = iphoneos;
				SWIFT_COMPILATION_MODE = wholemodule;
				SWIFT_OPTIMIZATION_LEVEL = "-O";
				VALIDATE_PRODUCT = YES;
			};
			name = Release;
		};
		9BAB08C52165F5D900E5B537 /* Debug */ = {
			isa = XCBuildConfiguration;
			baseConfigurationReference = 7D03DCD5D3AAB2EFB9D30050 /* Pods-TravelAssistant.debug.xcconfig */;
			buildSettings = {
				ASSETCATALOG_COMPILER_APPICON_NAME = AppIcon;
				CODE_SIGN_STYLE = Automatic;
				INFOPLIST_FILE = TravelAssistant/Info.plist;
				LD_RUNPATH_SEARCH_PATHS = (
					"$(inherited)",
					"@executable_path/Frameworks",
				);
				PRODUCT_BUNDLE_IDENTIFIER = "ning-li.TravelAssistant";
				PRODUCT_NAME = "$(TARGET_NAME)";
				SWIFT_VERSION = 4.2;
				TARGETED_DEVICE_FAMILY = "1,2";
			};
			name = Debug;
		};
		9BAB08C62165F5D900E5B537 /* Release */ = {
			isa = XCBuildConfiguration;
			baseConfigurationReference = D734E1AD2A0E48717AAD12FB /* Pods-TravelAssistant.release.xcconfig */;
			buildSettings = {
				ASSETCATALOG_COMPILER_APPICON_NAME = AppIcon;
				CODE_SIGN_STYLE = Automatic;
				INFOPLIST_FILE = TravelAssistant/Info.plist;
				LD_RUNPATH_SEARCH_PATHS = (
					"$(inherited)",
					"@executable_path/Frameworks",
				);
				PRODUCT_BUNDLE_IDENTIFIER = "ning-li.TravelAssistant";
				PRODUCT_NAME = "$(TARGET_NAME)";
				SWIFT_VERSION = 4.2;
				TARGETED_DEVICE_FAMILY = "1,2";
			};
			name = Release;
		};
/* End XCBuildConfiguration section */

/* Begin XCConfigurationList section */
		9BAB08AA2165F5D400E5B537 /* Build configuration list for PBXProject "TravelAssistant" */ = {
			isa = XCConfigurationList;
			buildConfigurations = (
				9BAB08C22165F5D900E5B537 /* Debug */,
				9BAB08C32165F5D900E5B537 /* Release */,
			);
			defaultConfigurationIsVisible = 0;
			defaultConfigurationName = Release;
		};
		9BAB08C42165F5D900E5B537 /* Build configuration list for PBXNativeTarget "TravelAssistant" */ = {
			isa = XCConfigurationList;
			buildConfigurations = (
				9BAB08C52165F5D900E5B537 /* Debug */,
				9BAB08C62165F5D900E5B537 /* Release */,
			);
			defaultConfigurationIsVisible = 0;
			defaultConfigurationName = Release;
		};
/* End XCConfigurationList section */
	};
	rootObject = 9BAB08A72165F5D400E5B537 /* Project object */;
}
